
Microsoft Visual Studio Solution File, Format Version 12.00
# Visual Studio Version 17
VisualStudioVersion = 17.3.32825.248
MinimumVisualStudioVersion = 10.0.40219.1
Project("{9A19103F-16F7-4668-BE54-9A1E7A4F7556}") = "StorageImageAnnotator", "StorageImageAnnotator\StorageImageAnnotator.csproj", "{566BCB35-31E5-4A15-83F0-174F0AE7D6D3}"
EndProject
Project("{9A19103F-16F7-4668-BE54-9A1E7A4F7556}") = "Test", "Test\Test.csproj", "{D2D8ABFE-9F32-4CDB-BA48-950A0ABE42A2}"
EndProject
Global
	GlobalSection(SolutionConfigurationPlatforms) = preSolution
		Debug|Any CPU = Debug|Any CPU
		Release|Any CPU = Release|Any CPU
	EndGlobalSection
	GlobalSection(ProjectConfigurationPlatforms) = postSolution
		{566BCB35-31E5-4A15-83F0-174F0AE7D6D3}.Debug|Any CPU.ActiveCfg = Debug|Any CPU
		{566BCB35-31E5-4A15-83F0-174F0AE7D6D3}.Debug|Any CPU.Build.0 = Debug|Any CPU
		{566BCB35-31E5-4A15-83F0-174F0AE7D6D3}.Release|Any CPU.ActiveCfg = Release|Any CPU
		{566BCB35-31E5-4A15-83F0-174F0AE7D6D3}.Release|Any CPU.Build.0 = Release|Any CPU
		{D2D8ABFE-9F32-4CDB-BA48-950A0ABE42A2}.Debug|Any CPU.ActiveCfg = Debug|Any CPU
		{D2D8ABFE-9F32-4CDB-BA48-950A0ABE42A2}.Debug|Any CPU.Build.0 = Debug|Any CPU
		{D2D8ABFE-9F32-4CDB-BA48-950A0ABE42A2}.Release|Any CPU.ActiveCfg = Release|Any CPU
		{D2D8ABFE-9F32-4CDB-BA48-950A0ABE42A2}.Release|Any CPU.Build.0 = Release|Any CPU
	EndGlobalSection
	GlobalSection(SolutionProperties) = preSolution
		HideSolutionNode = FALSE
	EndGlobalSection
	GlobalSection(ExtensibilityGlobals) = postSolution
		SolutionGuid = {1D90A3A3-9207-4C05-A80D-F2FD74807655}
	EndGlobalSection
EndGlobal
